{
  "name": "qmtwx",
  "version": "1.0.0",
  "lockfileVersion": 1,
  "requires": true,
  "dependencies": {
    "@paddlejs/paddlejs-backend-webgl": {
      "version": "1.1.9",
      "resolved": "https://mirrors.huaweicloud.com/repository/npm/@paddlejs/paddlejs-backend-webgl/-/paddlejs-backend-webgl-1.1.9.tgz",
      "integrity": "sha512-ON63cOqduxN2TxW4Bn0XdrNh2qfo5htJIpcFI1T547LAGgcMpVoPTOJIMqe+V7CCIgGCuHpQYtafMxvuERjt6A=="
    },
    "@paddlejs/paddlejs-core": {
      "version": "2.1.10",
      "resolved": "https://mirrors.huaweicloud.com/repository/npm/@paddlejs/paddlejs-core/-/paddlejs-core-2.1.10.tgz",
      "integrity": "sha512-XxaY95mjegjTO8phL2cFrGiFqoOhWXJ8XP4YKOmQVJm2IHAUxdQS/mZWT3JoULN6GlWj5GEbyVgFvjQN0Nk+vQ=="
    },
    "paddlejs": {
      "version": "1.0.17",
      "resolved": "https://mirrors.huaweicloud.com/repository/npm/paddlejs/-/paddlejs-1.0.17.tgz",
      "integrity": "sha512-2wPzqjZYRDUdad+FIWPaP8J+G7GmxorrJsbFZ7jjvNctmfcAitcHHOCVPT2MGu3Y1EHA+wmczdcE8JxC98eswA=="
    },
    "umtrack-wx": {
      "version": "2.5.2",
      "resolved": "http://mirrors.cloud.tencent.com/npm/umtrack-wx/-/umtrack-wx-2.5.2.tgz",
      "integrity": "sha512-+KFHvkghFZEaR+rDBOqYzsecf1qWvI5xaSD+jyZoQ+TR0Jq/FlcCTDpSSbwisnmedDD8JyehN7szYbEyw5FZjA=="
    }
  }
}
